
Microsoft Visual Studio Solution File, Format Version 12.00
# Visual Studio Version 17
VisualStudioVersion = 17.6.33829.357
MinimumVisualStudioVersion = 10.0.40219.1
Project("{9A19103F-16F7-4668-BE54-9A1E7A4F7556}") = "GrimLogin", "GrimLogin.csproj", "{4D4F91CD-F1BB-459C-823B-C0652135D33E}"
EndProject
Global
	GlobalSection(SolutionConfigurationPlatforms) = preSolution
		Debug|Any CPU = Debug|Any CPU
		Release|Any CPU = Release|Any CPU
	EndGlobalSection
	GlobalSection(ProjectConfigurationPlatforms) = postSolution
		{4D4F91CD-F1BB-459C-823B-C0652135D33E}.Debug|Any CPU.ActiveCfg = Debug|Any CPU
		{4D4F91CD-F1BB-459C-823B-C0652135D33E}.Debug|Any CPU.Build.0 = Debug|Any CPU
		{4D4F91CD-F1BB-459C-823B-C0652135D33E}.Release|Any CPU.ActiveCfg = Release|Any CPU
		{4D4F91CD-F1BB-459C-823B-C0652135D33E}.Release|Any CPU.Build.0 = Release|Any CPU
	EndGlobalSection
	GlobalSection(SolutionProperties) = preSolution
		HideSolutionNode = FALSE
	EndGlobalSection
	GlobalSection(ExtensibilityGlobals) = postSolution
		SolutionGuid = {7FEFA441-A1DE-448D-AF69-394CE2D63E4F}
	EndGlobalSection
EndGlobal
